
Microsoft Visual Studio Solution File, Format Version 12.00
# Visual Studio Version 16
VisualStudioVersion = 16.0.29911.84
MinimumVisualStudioVersion = 10.0.40219.1
Project("{FAE04EC0-301F-11D3-BF4B-00C04F79EFBC}") = "Yuzhakov_NIkita_2", "Yuzhakov_NIkita_2\Yuzhakov_NIkita_2.csproj", "{89EF6081-ED84-4FD5-A740-81C1F58A04E9}"
EndProject
Global
	GlobalSection(SolutionConfigurationPlatforms) = preSolution
		Debug|Any CPU = Debug|Any CPU
		Release|Any CPU = Release|Any CPU
	EndGlobalSection
	GlobalSection(ProjectConfigurationPlatforms) = postSolution
		{89EF6081-ED84-4FD5-A740-81C1F58A04E9}.Debug|Any CPU.ActiveCfg = Debug|Any CPU
		{89EF6081-ED84-4FD5-A740-81C1F58A04E9}.Debug|Any CPU.Build.0 = Debug|Any CPU
		{89EF6081-ED84-4FD5-A740-81C1F58A04E9}.Release|Any CPU.ActiveCfg = Release|Any CPU
		{89EF6081-ED84-4FD5-A740-81C1F58A04E9}.Release|Any CPU.Build.0 = Release|Any CPU
	EndGlobalSection
	GlobalSection(SolutionProperties) = preSolution
		HideSolutionNode = FALSE
	EndGlobalSection
	GlobalSection(ExtensibilityGlobals) = postSolution
		SolutionGuid = {1A7B3309-4974-4696-99E3-6746B93F79F7}
	EndGlobalSection
EndGlobal
